// !$*UTF8*$!
{
	archiveVersion = 1;
	classes = {
	};
	objectVersion = 50;
	objects = {

/* Begin PBXBuildFile section */
		96C0D4CC237E50A7001775BC /* AppDelegate.swift in Sources */ = {isa = PBXBuildFile; fileRef = 96C0D4CB237E50A7001775BC /* AppDelegate.swift */; };
		96C0D4CE237E50A7001775BC /* SceneDelegate.swift in Sources */ = {isa = PBXBuildFile; fileRef = 96C0D4CD237E50A7001775BC /* SceneDelegate.swift */; };
		96C0D4D0237E50A7001775BC /* ViewController.swift in Sources */ = {isa = PBXBuildFile; fileRef = 96C0D4CF237E50A7001775BC /* ViewController.swift */; };
		96C0D4D3237E50A7001775BC /* Main.storyboard in Resources */ = {isa = PBXBuildFile; fileRef = 96C0D4D1237E50A7001775BC /* Main.storyboard */; };
		96C0D4D5237E50AC001775BC /* Assets.xcassets in Resources */ = {isa = PBXBuildFile; fileRef = 96C0D4D4237E50AC001775BC /* Assets.xcassets */; };
		96C0D4D8237E50AC001775BC /* LaunchScreen.storyboard in Resources */ = {isa = PBXBuildFile; fileRef = 96C0D4D6237E50AC001775BC /* LaunchScreen.storyboard */; };
		96C0D4E3237E50AC001775BC /* StreaksTests.swift in Sources */ = {isa = PBXBuildFile; fileRef = 96C0D4E2237E50AC001775BC /* StreaksTests.swift */; };
		96C0D4EE237E50AC001775BC /* StreaksUITests.swift in Sources */ = {isa = PBXBuildFile; fileRef = 96C0D4ED237E50AC001775BC /* StreaksUITests.swift */; };
/* End PBXBuildFile section */

/* Begin PBXContainerItemProxy section */
		96C0D4DF237E50AC001775BC /* PBXContainerItemProxy */ = {
			isa = PBXContainerItemProxy;
			containerPortal = 96C0D4C0237E50A7001775BC /* Project object */;
			proxyType = 1;
			remoteGlobalIDString = 96C0D4C7237E50A7001775BC;
			remoteInfo = Streaks;
		};
		96C0D4EA237E50AC001775BC /* PBXContainerItemProxy */ = {
			isa = PBXContainerItemProxy;
			containerPortal = 96C0D4C0237E50A7001775BC /* Project object */;
			proxyType = 1;
			remoteGlobalIDString = 96C0D4C7237E50A7001775BC;
			remoteInfo = Streaks;
		};
/* End PBXContainerItemProxy section */

/* Begin PBXFileReference section */
		961F4676238CC00A00956D0E /* SwiftLesson1.playground */ = {isa = PBXFileReference; lastKnownFileType = file.playground; path = SwiftLesson1.playground; sourceTree = "<group>"; xcLanguageSpecificationIdentifier = xcode.lang.swift; };
		967FEB76238E1A760087C22D /* SwiftLesson2.playground */ = {isa = PBXFileReference; lastKnownFileType = file.playground; path = SwiftLesson2.playground; sourceTree = "<group>"; xcLanguageSpecificationIdentifier = xcode.lang.swift; };
		96C0D4C8237E50A7001775BC /* Streaks.app */ = {isa = PBXFileReference; explicitFileType = wrapper.application; includeInIndex = 0; path = Streaks.app; sourceTree = BUILT_PRODUCTS_DIR; };
		96C0D4CB237E50A7001775BC /* AppDelegate.swift */ = {isa = PBXFileReference; lastKnownFileType = sourcecode.swift; path = AppDelegate.swift; sourceTree = "<group>"; };
		96C0D4CD237E50A7001775BC /* SceneDelegate.swift */ = {isa = PBXFileReference; lastKnownFileType = sourcecode.swift; path = SceneDelegate.swift; sourceTree = "<group>"; };
		96C0D4CF237E50A7001775BC /* ViewController.swift */ = {isa = PBXFileReference; lastKnownFileType = sourcecode.swift; path = ViewController.swift; sourceTree = "<group>"; };
		96C0D4D2237E50A7001775BC /* Base */ = {isa = PBXFileReference; lastKnownFileType = file.storyboard; name = Base; path = Base.lproj/Main.storyboard; sourceTree = "<group>"; };
		96C0D4D4237E50AC001775BC /* Assets.xcassets */ = {isa = PBXFileReference; lastKnownFileType = folder.assetcatalog; path = Assets.xcassets; sourceTree = "<group>"; };
		96C0D4D7237E50AC001775BC /* Base */ = {isa = PBXFileReference; lastKnownFileType = file.storyboard; name = Base; path = Base.lproj/LaunchScreen.storyboard; sourceTree = "<group>"; };
		96C0D4D9237E50AC001775BC /* Info.plist */ = {isa = PBXFileReference; lastKnownFileType = text.plist.xml; path = Info.plist; sourceTree = "<group>"; };
		96C0D4DE237E50AC001775BC /* StreaksTests.xctest */ = {isa = PBXFileReference; explicitFileType = wrapper.cfbundle; includeInIndex = 0; path = StreaksTests.xctest; sourceTree = BUILT_PRODUCTS_DIR; };
		96C0D4E2237E50AC001775BC /* StreaksTests.swift */ = {isa = PBXFileReference; lastKnownFileType = sourcecode.swift; path = StreaksTests.swift; sourceTree = "<group>"; };
		96C0D4E4237E50AC001775BC /* Info.plist */ = {isa = PBXFileReference; lastKnownFileType = text.plist.xml; path = Info.plist; sourceTree = "<group>"; };
		96C0D4E9237E50AC001775BC /* StreaksUITests.xctest */ = {isa = PBXFileReference; explicitFileType = wrapper.cfbundle; includeInIndex = 0; path = StreaksUITests.xctest; sourceTree = BUILT_PRODUCTS_DIR; };
		96C0D4ED237E50AC001775BC /* StreaksUITests.swift */ = {isa = PBXFileReference; lastKnownFileType = sourcecode.swift; path = StreaksUITests.swift; sourceTree = "<group>"; };
		96C0D4EF237E50AC001775BC /* Info.plist */ = {isa = PBXFileReference; lastKnownFileType = text.plist.xml; path = Info.plist; sourceTree = "<group>"; };
/* End PBXFileReference section */

/* Begin PBXFrameworksBuildPhase section */
		96C0D4C5237E50A7001775BC /* Frameworks */ = {
			isa = PBXFrameworksBuildPhase;
			buildActionMask = 2147483647;
			files = (
			);
			runOnlyForDeploymentPostprocessing = 0;
		};
		96C0D4DB237E50AC001775BC /* Frameworks */ = {
			isa = PBXFrameworksBuildPhase;
			buildActionMask = 2147483647;
			files = (
			);
			runOnlyForDeploymentPostprocessing = 0;
		};
		96C0D4E6237E50AC001775BC /* Frameworks */ = {
			isa = PBXFrameworksBuildPhase;
			buildActionMask = 2147483647;
			files = (
			);
			runOnlyForDeploymentPostprocessing = 0;
		};
/* End PBXFrameworksBuildPhase section */

/* Begin PBXGroup section */
		96C0D4BF237E50A7001775BC = {
			isa = PBXGroup;
			children = (
				967FEB76238E1A760087C22D /* SwiftLesson2.playground */,
				961F4676238CC00A00956D0E /* SwiftLesson1.playground */,
				96C0D4CA237E50A7001775BC /* Streaks */,
				96C0D4E1237E50AC001775BC /* StreaksTests */,
				96C0D4EC237E50AC001775BC /* StreaksUITests */,
				96C0D4C9237E50A7001775BC /* Products */,
			);
			sourceTree = "<group>";
		};
		96C0D4C9237E50A7001775BC /* Products */ = {
			isa = PBXGroup;
			children = (
				96C0D4C8237E50A7001775BC /* Streaks.app */,
				96C0D4DE237E50AC001775BC /* StreaksTests.xctest */,
				96C0D4E9237E50AC001775BC /* StreaksUITests.xctest */,
			);
			name = Products;
			sourceTree = "<group>";
		};
		96C0D4CA237E50A7001775BC /* Streaks */ = {
			isa = PBXGroup;
			children = (
				96C0D4CB237E50A7001775BC /* AppDelegate.swift */,
				96C0D4CD237E50A7001775BC /* SceneDelegate.swift */,
				96C0D4CF237E50A7001775BC /* ViewController.swift */,
				96C0D4D1237E50A7001775BC /* Main.storyboard */,
				96C0D4D4237E50AC001775BC /* Assets.xcassets */,
				96C0D4D6237E50AC001775BC /* LaunchScreen.storyboard */,
				96C0D4D9237E50AC001775BC /* Info.plist */,
			);
			path = Streaks;
			sourceTree = "<group>";
		};
		96C0D4E1237E50AC001775BC /* StreaksTests */ = {
			isa = PBXGroup;
			children = (
				96C0D4E2237E50AC001775BC /* StreaksTests.swift */,
				96C0D4E4237E50AC001775BC /* Info.plist */,
			);
			path = StreaksTests;
			sourceTree = "<group>";
		};
		96C0D4EC237E50AC001775BC /* StreaksUITests */ = {
			isa = PBXGroup;
			children = (
				96C0D4ED237E50AC001775BC /* StreaksUITests.swift */,
				96C0D4EF237E50AC001775BC /* Info.plist */,
			);
			path = StreaksUITests;
			sourceTree = "<group>";
		};
/* End PBXGroup section */

/* Begin PBXNativeTarget section */
		96C0D4C7237E50A7001775BC /* Streaks */ = {
			isa = PBXNativeTarget;
			buildConfigurationList = 96C0D4F2237E50AC001775BC /* Build configuration list for PBXNativeTarget "Streaks" */;
			buildPhases = (
				96C0D4C4237E50A7001775BC /* Sources */,
				96C0D4C5237E50A7001775BC /* Frameworks */,
				96C0D4C6237E50A7001775BC /* Resources */,
			);
			buildRules = (
			);
			dependencies = (
			);
			name = Streaks;
			productName = Streaks;
			productReference = 96C0D4C8237E50A7001775BC /* Streaks.app */;
			productType = "com.apple.product-type.application";
		};
		96C0D4DD237E50AC001775BC /* StreaksTests */ = {
			isa = PBXNativeTarget;
			buildConfigurationList = 96C0D4F5237E50AC001775BC /* Build configuration list for PBXNativeTarget "StreaksTests" */;
			buildPhases = (
				96C0D4DA237E50AC001775BC /* Sources */,
				96C0D4DB237E50AC001775BC /* Frameworks */,
				96C0D4DC237E50AC001775BC /* Resources */,
			);
			buildRules = (
			);
			dependencies = (
				96C0D4E0237E50AC001775BC /* PBXTargetDependency */,
			);
			name = StreaksTests;
			productName = StreaksTests;
			productReference = 96C0D4DE237E50AC001775BC /* StreaksTests.xctest */;
			productType = "com.apple.product-type.bundle.unit-test";
		};
		96C0D4E8237E50AC001775BC /* StreaksUITests */ = {
			isa = PBXNativeTarget;
			buildConfigurationList = 96C0D4F8237E50AC001775BC /* Build configuration list for PBXNativeTarget "StreaksUITests" */;
			buildPhases = (
				96C0D4E5237E50AC001775BC /* Sources */,
				96C0D4E6237E50AC001775BC /* Frameworks */,
				96C0D4E7237E50AC001775BC /* Resources */,
			);
			buildRules = (
			);
			dependencies = (
				96C0D4EB237E50AC001775BC /* PBXTargetDependency */,
			);
			name = StreaksUITests;
			productName = StreaksUITests;
			productReference = 96C0D4E9237E50AC001775BC /* StreaksUITests.xctest */;
			productType = "com.apple.product-type.bundle.ui-testing";
		};
/* End PBXNativeTarget section */

/* Begin PBXProject section */
		96C0D4C0237E50A7001775BC /* Project object */ = {
			isa = PBXProject;
			attributes = {
				LastSwiftUpdateCheck = 1120;
				LastUpgradeCheck = 1120;
				ORGANIZATIONNAME = "Jason Kim";
				TargetAttributes = {
					96C0D4C7237E50A7001775BC = {
						CreatedOnToolsVersion = 11.2.1;
					};
					96C0D4DD237E50AC001775BC = {
						CreatedOnToolsVersion = 11.2.1;
						TestTargetID = 96C0D4C7237E50A7001775BC;
					};
					96C0D4E8237E50AC001775BC = {
						CreatedOnToolsVersion = 11.2.1;
						TestTargetID = 96C0D4C7237E50A7001775BC;
					};
				};
			};
			buildConfigurationList = 96C0D4C3237E50A7001775BC /* Build configuration list for PBXProject "Streaks" */;
			compatibilityVersion = "Xcode 9.3";
			developmentRegion = en;
			hasScannedForEncodings = 0;
			knownRegions = (
				en,
				Base,
			);
			mainGroup = 96C0D4BF237E50A7001775BC;
			productRefGroup = 96C0D4C9237E50A7001775BC /* Products */;
			projectDirPath = "";
			projectRoot = "";
			targets = (
				96C0D4C7237E50A7001775BC /* Streaks */,
				96C0D4DD237E50AC001775BC /* StreaksTests */,
				96C0D4E8237E50AC001775BC /* StreaksUITests */,
			);
		};
/* End PBXProject section */

/* Begin PBXResourcesBuildPhase section */
		96C0D4C6237E50A7001775BC /* Resources */ = {
			isa = PBXResourcesBuildPhase;
			buildActionMask = 2147483647;
			files = (
				96C0D4D8237E50AC001775BC /* LaunchScreen.storyboard in Resources */,
				96C0D4D5237E50AC001775BC /* Assets.xcassets in Resources */,
				96C0D4D3237E50A7001775BC /* Main.storyboard in Resources */,
			);
			runOnlyForDeploymentPostprocessing = 0;
		};
		96C0D4DC237E50AC001775BC /* Resources */ = {
			isa = PBXResourcesBuildPhase;
			buildActionMask = 2147483647;
			files = (
			);
			runOnlyForDeploymentPostprocessing = 0;
		};
		96C0D4E7237E50AC001775BC /* Resources */ = {
			isa = PBXResourcesBuildPhase;
			buildActionMask = 2147483647;
			files = (
			);
			runOnlyForDeploymentPostprocessing = 0;
		};
/* End PBXResourcesBuildPhase section */

/* Begin PBXSourcesBuildPhase section */
		96C0D4C4237E50A7001775BC /* Sources */ = {
			isa = PBXSourcesBuildPhase;
			buildActionMask = 2147483647;
			files = (
				96C0D4D0237E50A7001775BC /* ViewController.swift in Sources */,
				96C0D4CC237E50A7001775BC /* AppDelegate.swift in Sources */,
				96C0D4CE237E50A7001775BC /* SceneDelegate.swift in Sources */,
			);
			runOnlyForDeploymentPostprocessing = 0;
		};
		96C0D4DA237E50AC001775BC /* Sources */ = {
			isa = PBXSourcesBuildPhase;
			buildActionMask = 2147483647;
			files = (
				96C0D4E3237E50AC001775BC /* StreaksTests.swift in Sources */,
			);
			runOnlyForDeploymentPostprocessing = 0;
		};
		96C0D4E5237E50AC001775BC /* Sources */ = {
			isa = PBXSourcesBuildPhase;
			buildActionMask = 2147483647;
			files = (
				96C0D4EE237E50AC001775BC /* StreaksUITests.swift in Sources */,
			);
			runOnlyForDeploymentPostprocessing = 0;
		};
/* End PBXSourcesBuildPhase section */

/* Begin PBXTargetDependency section */
		96C0D4E0237E50AC001775BC /* PBXTargetDependency */ = {
			isa = PBXTargetDependency;
			target = 96C0D4C7237E50A7001775BC /* Streaks */;
			targetProxy = 96C0D4DF237E50AC001775BC /* PBXContainerItemProxy */;
		};
		96C0D4EB237E50AC001775BC /* PBXTargetDependency */ = {
			isa = PBXTargetDependency;
			target = 96C0D4C7237E50A7001775BC /* Streaks */;
			targetProxy = 96C0D4EA237E50AC001775BC /* PBXContainerItemProxy */;
		};
/* End PBXTargetDependency section */

/* Begin PBXVariantGroup section */
		96C0D4D1237E50A7001775BC /* Main.storyboard */ = {
			isa = PBXVariantGroup;
			children = (
				96C0D4D2237E50A7001775BC /* Base */,
			);
			name = Main.storyboard;
			sourceTree = "<group>";
		};
		96C0D4D6237E50AC001775BC /* LaunchScreen.storyboard */ = {
			isa = PBXVariantGroup;
			children = (
				96C0D4D7237E50AC001775BC /* Base */,
			);
			name = LaunchScreen.storyboard;
			sourceTree = "<group>";
		};
/* End PBXVariantGroup section */

/* Begin XCBuildConfiguration section */
		96C0D4F0237E50AC001775BC /* Debug */ = {
			isa = XCBuildConfiguration;
			buildSettings = {
				ALWAYS_SEARCH_USER_PATHS = NO;
				CLANG_ANALYZER_NONNULL = YES;
				CLANG_ANALYZER_NUMBER_OBJECT_CONVERSION = YES_AGGRESSIVE;
				CLANG_CXX_LANGUAGE_STANDARD = "gnu++14";
				CLANG_CXX_LIBRARY = "libc++";
				CLANG_ENABLE_MODULES = YES;
				CLANG_ENABLE_OBJC_ARC = YES;
				CLANG_ENABLE_OBJC_WEAK = YES;
				CLANG_WARN_BLOCK_CAPTURE_AUTORELEASING = YES;
				CLANG_WARN_BOOL_CONVERSION = YES;
				CLANG_WARN_COMMA = YES;
				CLANG_WARN_CONSTANT_CONVERSION = YES;
				CLANG_WARN_DEPRECATED_OBJC_IMPLEMENTATIONS = YES;
				CLANG_WARN_DIRECT_OBJC_ISA_USAGE = YES_ERROR;
				CLANG_WARN_DOCUMENTATION_COMMENTS = YES;
				CLANG_WARN_EMPTY_BODY = YES;
				CLANG_WARN_ENUM_CONVERSION = YES;
				CLANG_WARN_INFINITE_RECURSION = YES;
				CLANG_WARN_INT_CONVERSION = YES;
				CLANG_WARN_NON_LITERAL_NULL_CONVERSION = YES;
				CLANG_WARN_OBJC_IMPLICIT_RETAIN_SELF = YES;
				CLANG_WARN_OBJC_LITERAL_CONVERSION = YES;
				CLANG_WARN_OBJC_ROOT_CLASS = YES_ERROR;
				CLANG_WARN_RANGE_LOOP_ANALYSIS = YES;
				CLANG_WARN_STRICT_PROTOTYPES = YES;
				CLANG_WARN_SUSPICIOUS_MOVE = YES;
				CLANG_WARN_UNGUARDED_AVAILABILITY = YES_AGGRESSIVE;
				CLANG_WARN_UNREACHABLE_CODE = YES;
				CLANG_WARN__DUPLICATE_METHOD_MATCH = YES;
				COPY_PHASE_STRIP = NO;
				DEBUG_INFORMATION_FORMAT = dwarf;
				ENABLE_STRICT_OBJC_MSGSEND = YES;
				ENABLE_TESTABILITY = YES;
				GCC_C_LANGUAGE_STANDARD = gnu11;
				GCC_DYNAMIC_NO_PIC = NO;
				GCC_NO_COMMON_BLOCKS = YES;
				GCC_OPTIMIZATION_LEVEL = 0;
				GCC_PREPROCESSOR_DEFINITIONS = (
					"DEBUG=1",
					"$(inherited)",
				);
				GCC_WARN_64_TO_32_BIT_CONVERSION = YES;
				GCC_WARN_ABOUT_RETURN_TYPE = YES_ERROR;
				GCC_WARN_UNDECLARED_SELECTOR = YES;
				GCC_WARN_UNINITIALIZED_AUTOS = YES_AGGRESSIVE;
				GCC_WARN_UNUSED_FUNCTION = YES;
				GCC_WARN_UNUSED_VARIABLE = YES;
				IPHONEOS_DEPLOYMENT_TARGET = 13.2;
				MTL_ENABLE_DEBUG_INFO = INCLUDE_SOURCE;
				MTL_FAST_MATH = YES;
				ONLY_ACTIVE_ARCH = YES;
				SDKROOT = iphoneos;
				SWIFT_ACTIVE_COMPILATION_CONDITIONS = DEBUG;
				SWIFT_OPTIMIZATION_LEVEL = "-Onone";
			};
			name = Debug;
		};
		96C0D4F1237E50AC001775BC /* Release */ = {
			isa = XCBuildConfiguration;
			buildSettings = {
				ALWAYS_SEARCH_USER_PATHS = NO;
				CLANG_ANALYZER_NONNULL = YES;
				CLANG_ANALYZER_NUMBER_OBJECT_CONVERSION = YES_AGGRESSIVE;
				CLANG_CXX_LANGUAGE_STANDARD = "gnu++14";
				CLANG_CXX_LIBRARY = "libc++";
				CLANG_ENABLE_MODULES = YES;
				CLANG_ENABLE_OBJC_ARC = YES;
				CLANG_ENABLE_OBJC_WEAK = YES;
				CLANG_WARN_BLOCK_CAPTURE_AUTORELEASING = YES;
				CLANG_WARN_BOOL_CONVERSION = YES;
				CLANG_WARN_COMMA = YES;
				CLANG_WARN_CONSTANT_CONVERSION = YES;
				CLANG_WARN_DEPRECATED_OBJC_IMPLEMENTATIONS = YES;
				CLANG_WARN_DIRECT_OBJC_ISA_USAGE = YES_ERROR;
				CLANG_WARN_DOCUMENTATION_COMMENTS = YES;
				CLANG_WARN_EMPTY_BODY = YES;
				CLANG_WARN_ENUM_CONVERSION = YES;
				CLANG_WARN_INFINITE_RECURSION = YES;
				CLANG_WARN_INT_CONVERSION = YES;
				CLANG_WARN_NON_LITERAL_NULL_CONVERSION = YES;
				CLANG_WARN_OBJC_IMPLICIT_RETAIN_SELF = YES;
				CLANG_WARN_OBJC_LITERAL_CONVERSION = YES;
				CLANG_WARN_OBJC_ROOT_CLASS = YES_ERROR;
				CLANG_WARN_RANGE_LOOP_ANALYSIS = YES;
				CLANG_WARN_STRICT_PROTOTYPES = YES;
				CLANG_WARN_SUSPICIOUS_MOVE = YES;
				CLANG_WARN_UNGUARDED_AVAILABILITY = YES_AGGRESSIVE;
				CLANG_WARN_UNREACHABLE_CODE = YES;
				CLANG_WARN__DUPLICATE_METHOD_MATCH = YES;
				COPY_PHASE_STRIP = NO;
				DEBUG_INFORMATION_FORMAT = "dwarf-with-dsym";
				ENABLE_NS_ASSERTIONS = NO;
				ENABLE_STRICT_OBJC_MSGSEND = YES;
				GCC_C_LANGUAGE_STANDARD = gnu11;
				GCC_NO_COMMON_BLOCKS = YES;
				GCC_WARN_64_TO_32_BIT_CONVERSION = YES;
				GCC_WARN_ABOUT_RETURN_TYPE = YES_ERROR;
				GCC_WARN_UNDECLARED_SELECTOR = YES;
				GCC_WARN_UNINITIALIZED_AUTOS = YES_AGGRESSIVE;
				GCC_WARN_UNUSED_FUNCTION = YES;
				GCC_WARN_UNUSED_VARIABLE = YES;
				IPHONEOS_DEPLOYMENT_TARGET = 13.2;
				MTL_ENABLE_DEBUG_INFO = NO;
				MTL_FAST_MATH = YES;
				SDKROOT = iphoneos;
				SWIFT_COMPILATION_MODE = wholemodule;
				SWIFT_OPTIMIZATION_LEVEL = "-O";
				VALIDATE_PRODUCT = YES;
			};
			name = Release;
		};
		96C0D4F3237E50AC001775BC /* Debug */ = {
			isa = XCBuildConfiguration;
			buildSettings = {
				ASSETCATALOG_COMPILER_APPICON_NAME = AppIcon;
				CODE_SIGN_STYLE = Automatic;
				DEVELOPMENT_TEAM = H972SUZMC4;
				INFOPLIST_FILE = Streaks/Info.plist;
				LD_RUNPATH_SEARCH_PATHS = (
					"$(inherited)",
					"@executable_path/Frameworks",
				);
				PRODUCT_BUNDLE_IDENTIFIER = com.jasonkim.Streaks;
				PRODUCT_NAME = "$(TARGET_NAME)";
				SWIFT_VERSION = 5.0;
				TARGETED_DEVICE_FAMILY = "1,2";
			};
			name = Debug;
		};
		96C0D4F4237E50AC001775BC /* Release */ = {
			isa = XCBuildConfiguration;
			buildSettings = {
				ASSETCATALOG_COMPILER_APPICON_NAME = AppIcon;
				CODE_SIGN_STYLE = Automatic;
				DEVELOPMENT_TEAM = H972SUZMC4;
				INFOPLIST_FILE = Streaks/Info.plist;
				LD_RUNPATH_SEARCH_PATHS = (
					"$(inherited)",
					"@executable_path/Frameworks",
				);
				PRODUCT_BUNDLE_IDENTIFIER = com.jasonkim.Streaks;
				PRODUCT_NAME = "$(TARGET_NAME)";
				SWIFT_VERSION = 5.0;
				TARGETED_DEVICE_FAMILY = "1,2";
			};
			name = Release;
		};
		96C0D4F6237E50AC001775BC /* Debug */ = {
			isa = XCBuildConfiguration;
			buildSettings = {
				ALWAYS_EMBED_SWIFT_STANDARD_LIBRARIES = YES;
				BUNDLE_LOADER = "$(TEST_HOST)";
				CODE_SIGN_STYLE = Automatic;
				INFOPLIST_FILE = StreaksTests/Info.plist;
				IPHONEOS_DEPLOYMENT_TARGET = 13.2;
				LD_RUNPATH_SEARCH_PATHS = (
					"$(inherited)",
					"@executable_path/Frameworks",
					"@loader_path/Frameworks",
				);
				PRODUCT_BUNDLE_IDENTIFIER = com.jasonkim.StreaksTests;
				PRODUCT_NAME = "$(TARGET_NAME)";
				SWIFT_VERSION = 5.0;
				TARGETED_DEVICE_FAMILY = "1,2";
				TEST_HOST = "$(BUILT_PRODUCTS_DIR)/Streaks.app/Streaks";
			};
			name = Debug;
		};
		96C0D4F7237E50AC001775BC /* Release */ = {
			isa = XCBuildConfiguration;
			buildSettings = {
				ALWAYS_EMBED_SWIFT_STANDARD_LIBRARIES = YES;
				BUNDLE_LOADER = "$(TEST_HOST)";
				CODE_SIGN_STYLE = Automatic;
				INFOPLIST_FILE = StreaksTests/Info.plist;
				IPHONEOS_DEPLOYMENT_TARGET = 13.2;
				LD_RUNPATH_SEARCH_PATHS = (
					"$(inherited)",
					"@executable_path/Frameworks",
					"@loader_path/Frameworks",
				);
				PRODUCT_BUNDLE_IDENTIFIER = com.jasonkim.StreaksTests;
				PRODUCT_NAME = "$(TARGET_NAME)";
				SWIFT_VERSION = 5.0;
				TARGETED_DEVICE_FAMILY = "1,2";
				TEST_HOST = "$(BUILT_PRODUCTS_DIR)/Streaks.app/Streaks";
			};
			name = Release;
		};
		96C0D4F9237E50AC001775BC /* Debug */ = {
			isa = XCBuildConfiguration;
			buildSettings = {
				ALWAYS_EMBED_SWIFT_STANDARD_LIBRARIES = YES;
				CODE_SIGN_STYLE = Automatic;
				INFOPLIST_FILE = StreaksUITests/Info.plist;
				LD_RUNPATH_SEARCH_PATHS = (
					"$(inherited)",
					"@executable_path/Frameworks",
					"@loader_path/Frameworks",
				);
				PRODUCT_BUNDLE_IDENTIFIER = com.jasonkim.StreaksUITests;
				PRODUCT_NAME = "$(TARGET_NAME)";
				SWIFT_VERSION = 5.0;
				TARGETED_DEVICE_FAMILY = "1,2";
				TEST_TARGET_NAME = Streaks;
			};
			name = Debug;
		};
		96C0D4FA237E50AC001775BC /* Release */ = {
			isa = XCBuildConfiguration;
			buildSettings = {
				ALWAYS_EMBED_SWIFT_STANDARD_LIBRARIES = YES;
				CODE_SIGN_STYLE = Automatic;
				INFOPLIST_FILE = StreaksUITests/Info.plist;
				LD_RUNPATH_SEARCH_PATHS = (
					"$(inherited)",
					"@executable_path/Frameworks",
					"@loader_path/Frameworks",
				);
				PRODUCT_BUNDLE_IDENTIFIER = com.jasonkim.StreaksUITests;
				PRODUCT_NAME = "$(TARGET_NAME)";
				SWIFT_VERSION = 5.0;
				TARGETED_DEVICE_FAMILY = "1,2";
				TEST_TARGET_NAME = Streaks;
			};
			name = Release;
		};
/* End XCBuildConfiguration section */

/* Begin XCConfigurationList section */
		96C0D4C3237E50A7001775BC /* Build configuration list for PBXProject "Streaks" */ = {
			isa = XCConfigurationList;
			buildConfigurations = (
				96C0D4F0237E50AC001775BC /* Debug */,
				96C0D4F1237E50AC001775BC /* Release */,
			);
			defaultConfigurationIsVisible = 0;
			defaultConfigurationName = Release;
		};
		96C0D4F2237E50AC001775BC /* Build configuration list for PBXNativeTarget "Streaks" */ = {
			isa = XCConfigurationList;
			buildConfigurations = (
				96C0D4F3237E50AC001775BC /* Debug */,
				96C0D4F4237E50AC001775BC /* Release */,
			);
			defaultConfigurationIsVisible = 0;
			defaultConfigurationName = Release;
		};
		96C0D4F5237E50AC001775BC /* Build configuration list for PBXNativeTarget "StreaksTests" */ = {
			isa = XCConfigurationList;
			buildConfigurations = (
				96C0D4F6237E50AC001775BC /* Debug */,
				96C0D4F7237E50AC001775BC /* Release */,
			);
			defaultConfigurationIsVisible = 0;
			defaultConfigurationName = Release;
		};
		96C0D4F8237E50AC001775BC /* Build configuration list for PBXNativeTarget "StreaksUITests" */ = {
			isa = XCConfigurationList;
			buildConfigurations = (
				96C0D4F9237E50AC001775BC /* Debug */,
				96C0D4FA237E50AC001775BC /* Release */,
			);
			defaultConfigurationIsVisible = 0;
			defaultConfigurationName = Release;
		};
/* End XCConfigurationList section */
	};
	rootObject = 96C0D4C0237E50A7001775BC /* Project object */;
}
